
Microsoft Visual Studio Solution File, Format Version 12.00
# Visual Studio Version 17
VisualStudioVersion = 17.7.33808.371
MinimumVisualStudioVersion = 10.0.40219.1
Project("{9A19103F-16F7-4668-BE54-9A1E7A4F7556}") = "BulkyWeb", "BulkyWeb\BulkyWeb.csproj", "{B6BA5129-D573-4665-AB2C-731BB2536828}"
EndProject
Project("{FAE04EC0-301F-11D3-BF4B-00C04F79EFBC}") = "Bulky.DataAccess", "Bulky.DataAccess\Bulky.DataAccess.csproj", "{99E653BA-51B7-4BF8-BC9E-FD3ECE2C36C7}"
EndProject
Project("{FAE04EC0-301F-11D3-BF4B-00C04F79EFBC}") = "Bulky.Models", "Bulky.Models\Bulky.Models.csproj", "{CD35604A-C9C4-49F6-94C7-FDCAAC52897D}"
EndProject
Project("{FAE04EC0-301F-11D3-BF4B-00C04F79EFBC}") = "Bulky.Utility", "Bulky.Utility\Bulky.Utility.csproj", "{8D74EECF-5A21-49F7-A2B7-A296A5A52AAD}"
EndProject
Global
	GlobalSection(SolutionConfigurationPlatforms) = preSolution
		Debug|Any CPU = Debug|Any CPU
		Release|Any CPU = Release|Any CPU
	EndGlobalSection
	GlobalSection(ProjectConfigurationPlatforms) = postSolution
		{B6BA5129-D573-4665-AB2C-731BB2536828}.Debug|Any CPU.ActiveCfg = Debug|Any CPU
		{B6BA5129-D573-4665-AB2C-731BB2536828}.Debug|Any CPU.Build.0 = Debug|Any CPU
		{B6BA5129-D573-4665-AB2C-731BB2536828}.Release|Any CPU.ActiveCfg = Release|Any CPU
		{B6BA5129-D573-4665-AB2C-731BB2536828}.Release|Any CPU.Build.0 = Release|Any CPU
		{99E653BA-51B7-4BF8-BC9E-FD3ECE2C36C7}.Debug|Any CPU.ActiveCfg = Debug|Any CPU
		{99E653BA-51B7-4BF8-BC9E-FD3ECE2C36C7}.Debug|Any CPU.Build.0 = Debug|Any CPU
		{99E653BA-51B7-4BF8-BC9E-FD3ECE2C36C7}.Release|Any CPU.ActiveCfg = Release|Any CPU
		{99E653BA-51B7-4BF8-BC9E-FD3ECE2C36C7}.Release|Any CPU.Build.0 = Release|Any CPU
		{CD35604A-C9C4-49F6-94C7-FDCAAC52897D}.Debug|Any CPU.ActiveCfg = Debug|Any CPU
		{CD35604A-C9C4-49F6-94C7-FDCAAC52897D}.Debug|Any CPU.Build.0 = Debug|Any CPU
		{CD35604A-C9C4-49F6-94C7-FDCAAC52897D}.Release|Any CPU.ActiveCfg = Release|Any CPU
		{CD35604A-C9C4-49F6-94C7-FDCAAC52897D}.Release|Any CPU.Build.0 = Release|Any CPU
		{8D74EECF-5A21-49F7-A2B7-A296A5A52AAD}.Debug|Any CPU.ActiveCfg = Debug|Any CPU
		{8D74EECF-5A21-49F7-A2B7-A296A5A52AAD}.Debug|Any CPU.Build.0 = Debug|Any CPU
		{8D74EECF-5A21-49F7-A2B7-A296A5A52AAD}.Release|Any CPU.ActiveCfg = Release|Any CPU
		{8D74EECF-5A21-49F7-A2B7-A296A5A52AAD}.Release|Any CPU.Build.0 = Release|Any CPU
	EndGlobalSection
	GlobalSection(SolutionProperties) = preSolution
		HideSolutionNode = FALSE
	EndGlobalSection
	GlobalSection(ExtensibilityGlobals) = postSolution
		SolutionGuid = {D2BD4192-D63C-44B5-AB97-A7A1AA406842}
	EndGlobalSection
EndGlobal
